
Microsoft Visual Studio Solution File, Format Version 12.00
# Visual Studio Version 16
VisualStudioVersion = 16.0.30503.244
MinimumVisualStudioVersion = 10.0.40219.1
Project("{FAE04EC0-301F-11D3-BF4B-00C04F79EFBC}") = "AcmeDroneDeliveryService", "AcmeDroneDeliveryService\AcmeDroneDeliveryService.csproj", "{1AAF1764-9A1B-4490-9E4A-AEAE7C48CBA0}"
EndProject
Global
	GlobalSection(SolutionConfigurationPlatforms) = preSolution
		Debug|Any CPU = Debug|Any CPU
		Release|Any CPU = Release|Any CPU
	EndGlobalSection
	GlobalSection(ProjectConfigurationPlatforms) = postSolution
		{1AAF1764-9A1B-4490-9E4A-AEAE7C48CBA0}.Debug|Any CPU.ActiveCfg = Debug|Any CPU
		{1AAF1764-9A1B-4490-9E4A-AEAE7C48CBA0}.Debug|Any CPU.Build.0 = Debug|Any CPU
		{1AAF1764-9A1B-4490-9E4A-AEAE7C48CBA0}.Release|Any CPU.ActiveCfg = Release|Any CPU
		{1AAF1764-9A1B-4490-9E4A-AEAE7C48CBA0}.Release|Any CPU.Build.0 = Release|Any CPU
	EndGlobalSection
	GlobalSection(SolutionProperties) = preSolution
		HideSolutionNode = FALSE
	EndGlobalSection
	GlobalSection(ExtensibilityGlobals) = postSolution
		SolutionGuid = {A0DF62D2-26FC-4268-A291-4B949D7B64AB}
	EndGlobalSection
EndGlobal
